
Microsoft Visual Studio Solution File, Format Version 12.00
# Visual Studio 15
VisualStudioVersion = 15.0.26430.16
MinimumVisualStudioVersion = 10.0.40219.1
Project("{8BC9CEB8-8B4A-11D0-8D11-00A0C91BC942}") = "WindowsOSWrapperTest", "PlatformOSWrapperTest\WindowsOSWrapperTest.vcxproj", "{5806E2FB-2D67-4FB7-99CE-70E3908A470A}"
	ProjectSection(ProjectDependencies) = postProject
		{F468F539-27BD-468E-BE64-DDE641400B51} = {F468F539-27BD-468E-BE64-DDE641400B51}
	EndProjectSection
EndProject
Project("{8BC9CEB8-8B4A-11D0-8D11-00A0C91BC942}") = "CppUTest", "..\..\tool\CppUTest\CppUTest.vcxproj", "{F468F539-27BD-468E-BE64-DDE641400B51}"
EndProject
Project("{8BC9CEB8-8B4A-11D0-8D11-00A0C91BC942}") = "StdCppOSWrapperTest", "PlatformOSWrapperTest\StdCppOSWrapperTest.vcxproj", "{6917E1A8-8DD0-4443-ACE1-4C67FFE7DA8A}"
	ProjectSection(ProjectDependencies) = postProject
		{F468F539-27BD-468E-BE64-DDE641400B51} = {F468F539-27BD-468E-BE64-DDE641400B51}
	EndProjectSection
EndProject
Global
	GlobalSection(SolutionConfigurationPlatforms) = preSolution
		Debug|x64 = Debug|x64
		Debug|x86 = Debug|x86
		Release|x64 = Release|x64
		Release|x86 = Release|x86
	EndGlobalSection
	GlobalSection(ProjectConfigurationPlatforms) = postSolution
		{5806E2FB-2D67-4FB7-99CE-70E3908A470A}.Debug|x64.ActiveCfg = Debug|x64
		{5806E2FB-2D67-4FB7-99CE-70E3908A470A}.Debug|x64.Build.0 = Debug|x64
		{5806E2FB-2D67-4FB7-99CE-70E3908A470A}.Debug|x86.ActiveCfg = Debug|Win32
		{5806E2FB-2D67-4FB7-99CE-70E3908A470A}.Debug|x86.Build.0 = Debug|Win32
		{5806E2FB-2D67-4FB7-99CE-70E3908A470A}.Release|x64.ActiveCfg = Release|x64
		{5806E2FB-2D67-4FB7-99CE-70E3908A470A}.Release|x64.Build.0 = Release|x64
		{5806E2FB-2D67-4FB7-99CE-70E3908A470A}.Release|x86.ActiveCfg = Release|Win32
		{5806E2FB-2D67-4FB7-99CE-70E3908A470A}.Release|x86.Build.0 = Release|Win32
		{F468F539-27BD-468E-BE64-DDE641400B51}.Debug|x64.ActiveCfg = Debug|x64
		{F468F539-27BD-468E-BE64-DDE641400B51}.Debug|x64.Build.0 = Debug|x64
		{F468F539-27BD-468E-BE64-DDE641400B51}.Debug|x86.ActiveCfg = Debug|Win32
		{F468F539-27BD-468E-BE64-DDE641400B51}.Debug|x86.Build.0 = Debug|Win32
		{F468F539-27BD-468E-BE64-DDE641400B51}.Release|x64.ActiveCfg = Release|x64
		{F468F539-27BD-468E-BE64-DDE641400B51}.Release|x64.Build.0 = Release|x64
		{F468F539-27BD-468E-BE64-DDE641400B51}.Release|x86.ActiveCfg = Release|Win32
		{F468F539-27BD-468E-BE64-DDE641400B51}.Release|x86.Build.0 = Release|Win32
		{6917E1A8-8DD0-4443-ACE1-4C67FFE7DA8A}.Debug|x64.ActiveCfg = Debug|x64
		{6917E1A8-8DD0-4443-ACE1-4C67FFE7DA8A}.Debug|x64.Build.0 = Debug|x64
		{6917E1A8-8DD0-4443-ACE1-4C67FFE7DA8A}.Debug|x86.ActiveCfg = Debug|Win32
		{6917E1A8-8DD0-4443-ACE1-4C67FFE7DA8A}.Debug|x86.Build.0 = Debug|Win32
		{6917E1A8-8DD0-4443-ACE1-4C67FFE7DA8A}.Release|x64.ActiveCfg = Release|x64
		{6917E1A8-8DD0-4443-ACE1-4C67FFE7DA8A}.Release|x64.Build.0 = Release|x64
		{6917E1A8-8DD0-4443-ACE1-4C67FFE7DA8A}.Release|x86.ActiveCfg = Release|Win32
		{6917E1A8-8DD0-4443-ACE1-4C67FFE7DA8A}.Release|x86.Build.0 = Release|Win32
	EndGlobalSection
	GlobalSection(SolutionProperties) = preSolution
		HideSolutionNode = FALSE
	EndGlobalSection
	GlobalSection(ExtensibilityGlobals) = postSolution
		SolutionGuid = {4D007A05-6824-4996-96F4-0C9C9B21D98F}
	EndGlobalSection
EndGlobal
